
Microsoft Visual Studio Solution File, Format Version 12.00
# Visual Studio Version 16
VisualStudioVersion = 16.0.30011.22
MinimumVisualStudioVersion = 15.0.26124.0
Project("{9A19103F-16F7-4668-BE54-9A1E7A4F7556}") = "Sampaio.Infra", "src\Sampaio.Infra\Sampaio.Infra.csproj", "{FCDD1FCB-940F-4833-9164-6036793E134C}"
EndProject
Project("{9A19103F-16F7-4668-BE54-9A1E7A4F7556}") = "Sampaio.Data", "src\Sampaio.Data\Sampaio.Data.csproj", "{A779FED1-6AB6-47F5-94CD-9142580C2055}"
EndProject
Project("{9A19103F-16F7-4668-BE54-9A1E7A4F7556}") = "Sampaio.Logging", "src\Sampaio.Logging\Sampaio.Logging.csproj", "{F7AAFF37-4E1C-4909-B8F8-3B2D798A9EC1}"
EndProject
Project("{2150E333-8FDC-42A3-9474-1A3956D46DE8}") = "01-Api", "01-Api", "{A2BCA26A-5E03-40BA-9944-3CD4F83E9E5F}"
EndProject
Project("{2150E333-8FDC-42A3-9474-1A3956D46DE8}") = "02-Domain", "02-Domain", "{A35B5057-65CD-4B4E-A059-C12B98AA81FB}"
EndProject
Project("{2150E333-8FDC-42A3-9474-1A3956D46DE8}") = "03-Infra", "03-Infra", "{6EC7726A-F8AF-48E5-9442-F9BE415D0408}"
EndProject
Project("{9A19103F-16F7-4668-BE54-9A1E7A4F7556}") = "Sampaio.SyncServices", "src\Sampaio.SyncServices\Sampaio.SyncServices.csproj", "{CCBE8941-C687-41FA-AA24-5DC4EC073FC1}"
EndProject
Project("{9A19103F-16F7-4668-BE54-9A1E7A4F7556}") = "Sampaio.Api", "src\Sampaio.Api\Sampaio.Api.csproj", "{6CB13D4D-6EED-45C7-BEE0-8F496DFD17BF}"
EndProject
Project("{9A19103F-16F7-4668-BE54-9A1E7A4F7556}") = "Sampaio.Api.Config", "src\Sampaio.Api.Config\Sampaio.Api.Config.csproj", "{525CFA6E-BE0D-4CB6-8971-33B564F32F02}"
EndProject
Project("{9A19103F-16F7-4668-BE54-9A1E7A4F7556}") = "Sampaio.Domain", "src\Sampaio.Domain\Sampaio.Domain.csproj", "{701CA435-A38B-4C61-B373-1E1384A54AF6}"
EndProject
Project("{9A19103F-16F7-4668-BE54-9A1E7A4F7556}") = "Sampaio.Shared", "src\Sampaio.Shared\Sampaio.Shared.csproj", "{15DC3F3D-91CB-4741-B0D2-EA8826A346F2}"
EndProject
Project("{2150E333-8FDC-42A3-9474-1A3956D46DE8}") = "04-Integrations", "04-Integrations", "{FAA2869F-2738-43C0-94DE-BB2BC60199E1}"
EndProject
Project("{9A19103F-16F7-4668-BE54-9A1E7A4F7556}") = "Sampaio.Integrations.Pagarme", "Sampaio.Integrations.Pagarme\Sampaio.Integrations.Pagarme.csproj", "{2023C77D-765A-4351-BECB-288C93AB6A7C}"
EndProject
Global
	GlobalSection(SolutionConfigurationPlatforms) = preSolution
		Debug|Any CPU = Debug|Any CPU
		Debug|x64 = Debug|x64
		Debug|x86 = Debug|x86
		Release|Any CPU = Release|Any CPU
		Release|x64 = Release|x64
		Release|x86 = Release|x86
		Staging|Any CPU = Staging|Any CPU
		Staging|x64 = Staging|x64
		Staging|x86 = Staging|x86
	EndGlobalSection
	GlobalSection(ProjectConfigurationPlatforms) = postSolution
		{FCDD1FCB-940F-4833-9164-6036793E134C}.Debug|Any CPU.ActiveCfg = Debug|Any CPU
		{FCDD1FCB-940F-4833-9164-6036793E134C}.Debug|Any CPU.Build.0 = Debug|Any CPU
		{FCDD1FCB-940F-4833-9164-6036793E134C}.Debug|x64.ActiveCfg = Debug|Any CPU
		{FCDD1FCB-940F-4833-9164-6036793E134C}.Debug|x64.Build.0 = Debug|Any CPU
		{FCDD1FCB-940F-4833-9164-6036793E134C}.Debug|x86.ActiveCfg = Debug|Any CPU
		{FCDD1FCB-940F-4833-9164-6036793E134C}.Debug|x86.Build.0 = Debug|Any CPU
		{FCDD1FCB-940F-4833-9164-6036793E134C}.Release|Any CPU.ActiveCfg = Release|Any CPU
		{FCDD1FCB-940F-4833-9164-6036793E134C}.Release|Any CPU.Build.0 = Release|Any CPU
		{FCDD1FCB-940F-4833-9164-6036793E134C}.Release|x64.ActiveCfg = Release|Any CPU
		{FCDD1FCB-940F-4833-9164-6036793E134C}.Release|x64.Build.0 = Release|Any CPU
		{FCDD1FCB-940F-4833-9164-6036793E134C}.Release|x86.ActiveCfg = Release|Any CPU
		{FCDD1FCB-940F-4833-9164-6036793E134C}.Release|x86.Build.0 = Release|Any CPU
		{FCDD1FCB-940F-4833-9164-6036793E134C}.Staging|Any CPU.ActiveCfg = Staging|Any CPU
		{FCDD1FCB-940F-4833-9164-6036793E134C}.Staging|Any CPU.Build.0 = Staging|Any CPU
		{FCDD1FCB-940F-4833-9164-6036793E134C}.Staging|x64.ActiveCfg = Staging|Any CPU
		{FCDD1FCB-940F-4833-9164-6036793E134C}.Staging|x64.Build.0 = Staging|Any CPU
		{FCDD1FCB-940F-4833-9164-6036793E134C}.Staging|x86.ActiveCfg = Staging|Any CPU
		{FCDD1FCB-940F-4833-9164-6036793E134C}.Staging|x86.Build.0 = Staging|Any CPU
		{A779FED1-6AB6-47F5-94CD-9142580C2055}.Debug|Any CPU.ActiveCfg = Debug|Any CPU
		{A779FED1-6AB6-47F5-94CD-9142580C2055}.Debug|Any CPU.Build.0 = Debug|Any CPU
		{A779FED1-6AB6-47F5-94CD-9142580C2055}.Debug|x64.ActiveCfg = Debug|Any CPU
		{A779FED1-6AB6-47F5-94CD-9142580C2055}.Debug|x64.Build.0 = Debug|Any CPU
		{A779FED1-6AB6-47F5-94CD-9142580C2055}.Debug|x86.ActiveCfg = Debug|Any CPU
		{A779FED1-6AB6-47F5-94CD-9142580C2055}.Debug|x86.Build.0 = Debug|Any CPU
		{A779FED1-6AB6-47F5-94CD-9142580C2055}.Release|Any CPU.ActiveCfg = Release|Any CPU
		{A779FED1-6AB6-47F5-94CD-9142580C2055}.Release|Any CPU.Build.0 = Release|Any CPU
		{A779FED1-6AB6-47F5-94CD-9142580C2055}.Release|x64.ActiveCfg = Release|Any CPU
		{A779FED1-6AB6-47F5-94CD-9142580C2055}.Release|x64.Build.0 = Release|Any CPU
		{A779FED1-6AB6-47F5-94CD-9142580C2055}.Release|x86.ActiveCfg = Release|Any CPU
		{A779FED1-6AB6-47F5-94CD-9142580C2055}.Release|x86.Build.0 = Release|Any CPU
		{A779FED1-6AB6-47F5-94CD-9142580C2055}.Staging|Any CPU.ActiveCfg = Staging|Any CPU
		{A779FED1-6AB6-47F5-94CD-9142580C2055}.Staging|Any CPU.Build.0 = Staging|Any CPU
		{A779FED1-6AB6-47F5-94CD-9142580C2055}.Staging|x64.ActiveCfg = Staging|Any CPU
		{A779FED1-6AB6-47F5-94CD-9142580C2055}.Staging|x64.Build.0 = Staging|Any CPU
		{A779FED1-6AB6-47F5-94CD-9142580C2055}.Staging|x86.ActiveCfg = Staging|Any CPU
		{A779FED1-6AB6-47F5-94CD-9142580C2055}.Staging|x86.Build.0 = Staging|Any CPU
		{F7AAFF37-4E1C-4909-B8F8-3B2D798A9EC1}.Debug|Any CPU.ActiveCfg = Debug|Any CPU
		{F7AAFF37-4E1C-4909-B8F8-3B2D798A9EC1}.Debug|Any CPU.Build.0 = Debug|Any CPU
		{F7AAFF37-4E1C-4909-B8F8-3B2D798A9EC1}.Debug|x64.ActiveCfg = Debug|Any CPU
		{F7AAFF37-4E1C-4909-B8F8-3B2D798A9EC1}.Debug|x64.Build.0 = Debug|Any CPU
		{F7AAFF37-4E1C-4909-B8F8-3B2D798A9EC1}.Debug|x86.ActiveCfg = Debug|Any CPU
		{F7AAFF37-4E1C-4909-B8F8-3B2D798A9EC1}.Debug|x86.Build.0 = Debug|Any CPU
		{F7AAFF37-4E1C-4909-B8F8-3B2D798A9EC1}.Release|Any CPU.ActiveCfg = Release|Any CPU
		{F7AAFF37-4E1C-4909-B8F8-3B2D798A9EC1}.Release|Any CPU.Build.0 = Release|Any CPU
		{F7AAFF37-4E1C-4909-B8F8-3B2D798A9EC1}.Release|x64.ActiveCfg = Release|Any CPU
		{F7AAFF37-4E1C-4909-B8F8-3B2D798A9EC1}.Release|x64.Build.0 = Release|Any CPU
		{F7AAFF37-4E1C-4909-B8F8-3B2D798A9EC1}.Release|x86.ActiveCfg = Release|Any CPU
		{F7AAFF37-4E1C-4909-B8F8-3B2D798A9EC1}.Release|x86.Build.0 = Release|Any CPU
		{F7AAFF37-4E1C-4909-B8F8-3B2D798A9EC1}.Staging|Any CPU.ActiveCfg = Staging|Any CPU
		{F7AAFF37-4E1C-4909-B8F8-3B2D798A9EC1}.Staging|Any CPU.Build.0 = Staging|Any CPU
		{F7AAFF37-4E1C-4909-B8F8-3B2D798A9EC1}.Staging|x64.ActiveCfg = Staging|Any CPU
		{F7AAFF37-4E1C-4909-B8F8-3B2D798A9EC1}.Staging|x64.Build.0 = Staging|Any CPU
		{F7AAFF37-4E1C-4909-B8F8-3B2D798A9EC1}.Staging|x86.ActiveCfg = Staging|Any CPU
		{F7AAFF37-4E1C-4909-B8F8-3B2D798A9EC1}.Staging|x86.Build.0 = Staging|Any CPU
		{CCBE8941-C687-41FA-AA24-5DC4EC073FC1}.Debug|Any CPU.ActiveCfg = Debug|Any CPU
		{CCBE8941-C687-41FA-AA24-5DC4EC073FC1}.Debug|Any CPU.Build.0 = Debug|Any CPU
		{CCBE8941-C687-41FA-AA24-5DC4EC073FC1}.Debug|x64.ActiveCfg = Debug|Any CPU
		{CCBE8941-C687-41FA-AA24-5DC4EC073FC1}.Debug|x64.Build.0 = Debug|Any CPU
		{CCBE8941-C687-41FA-AA24-5DC4EC073FC1}.Debug|x86.ActiveCfg = Debug|Any CPU
		{CCBE8941-C687-41FA-AA24-5DC4EC073FC1}.Debug|x86.Build.0 = Debug|Any CPU
		{CCBE8941-C687-41FA-AA24-5DC4EC073FC1}.Release|Any CPU.ActiveCfg = Release|Any CPU
		{CCBE8941-C687-41FA-AA24-5DC4EC073FC1}.Release|Any CPU.Build.0 = Release|Any CPU
		{CCBE8941-C687-41FA-AA24-5DC4EC073FC1}.Release|x64.ActiveCfg = Release|Any CPU
		{CCBE8941-C687-41FA-AA24-5DC4EC073FC1}.Release|x64.Build.0 = Release|Any CPU
		{CCBE8941-C687-41FA-AA24-5DC4EC073FC1}.Release|x86.ActiveCfg = Release|Any CPU
		{CCBE8941-C687-41FA-AA24-5DC4EC073FC1}.Release|x86.Build.0 = Release|Any CPU
		{CCBE8941-C687-41FA-AA24-5DC4EC073FC1}.Staging|Any CPU.ActiveCfg = Staging|Any CPU
		{CCBE8941-C687-41FA-AA24-5DC4EC073FC1}.Staging|Any CPU.Build.0 = Staging|Any CPU
		{CCBE8941-C687-41FA-AA24-5DC4EC073FC1}.Staging|x64.ActiveCfg = Staging|Any CPU
		{CCBE8941-C687-41FA-AA24-5DC4EC073FC1}.Staging|x64.Build.0 = Staging|Any CPU
		{CCBE8941-C687-41FA-AA24-5DC4EC073FC1}.Staging|x86.ActiveCfg = Staging|Any CPU
		{CCBE8941-C687-41FA-AA24-5DC4EC073FC1}.Staging|x86.Build.0 = Staging|Any CPU
		{6CB13D4D-6EED-45C7-BEE0-8F496DFD17BF}.Debug|Any CPU.ActiveCfg = Debug|Any CPU
		{6CB13D4D-6EED-45C7-BEE0-8F496DFD17BF}.Debug|Any CPU.Build.0 = Debug|Any CPU
		{6CB13D4D-6EED-45C7-BEE0-8F496DFD17BF}.Debug|x64.ActiveCfg = Debug|Any CPU
		{6CB13D4D-6EED-45C7-BEE0-8F496DFD17BF}.Debug|x64.Build.0 = Debug|Any CPU
		{6CB13D4D-6EED-45C7-BEE0-8F496DFD17BF}.Debug|x86.ActiveCfg = Debug|Any CPU
		{6CB13D4D-6EED-45C7-BEE0-8F496DFD17BF}.Debug|x86.Build.0 = Debug|Any CPU
		{6CB13D4D-6EED-45C7-BEE0-8F496DFD17BF}.Release|Any CPU.ActiveCfg = Release|Any CPU
		{6CB13D4D-6EED-45C7-BEE0-8F496DFD17BF}.Release|Any CPU.Build.0 = Release|Any CPU
		{6CB13D4D-6EED-45C7-BEE0-8F496DFD17BF}.Release|x64.ActiveCfg = Release|Any CPU
		{6CB13D4D-6EED-45C7-BEE0-8F496DFD17BF}.Release|x64.Build.0 = Release|Any CPU
		{6CB13D4D-6EED-45C7-BEE0-8F496DFD17BF}.Release|x86.ActiveCfg = Release|Any CPU
		{6CB13D4D-6EED-45C7-BEE0-8F496DFD17BF}.Release|x86.Build.0 = Release|Any CPU
		{6CB13D4D-6EED-45C7-BEE0-8F496DFD17BF}.Staging|Any CPU.ActiveCfg = Staging|Any CPU
		{6CB13D4D-6EED-45C7-BEE0-8F496DFD17BF}.Staging|Any CPU.Build.0 = Staging|Any CPU
		{6CB13D4D-6EED-45C7-BEE0-8F496DFD17BF}.Staging|x64.ActiveCfg = Staging|Any CPU
		{6CB13D4D-6EED-45C7-BEE0-8F496DFD17BF}.Staging|x64.Build.0 = Staging|Any CPU
		{6CB13D4D-6EED-45C7-BEE0-8F496DFD17BF}.Staging|x86.ActiveCfg = Staging|Any CPU
		{6CB13D4D-6EED-45C7-BEE0-8F496DFD17BF}.Staging|x86.Build.0 = Staging|Any CPU
		{525CFA6E-BE0D-4CB6-8971-33B564F32F02}.Debug|Any CPU.ActiveCfg = Debug|Any CPU
		{525CFA6E-BE0D-4CB6-8971-33B564F32F02}.Debug|Any CPU.Build.0 = Debug|Any CPU
		{525CFA6E-BE0D-4CB6-8971-33B564F32F02}.Debug|x64.ActiveCfg = Debug|Any CPU
		{525CFA6E-BE0D-4CB6-8971-33B564F32F02}.Debug|x64.Build.0 = Debug|Any CPU
		{525CFA6E-BE0D-4CB6-8971-33B564F32F02}.Debug|x86.ActiveCfg = Debug|Any CPU
		{525CFA6E-BE0D-4CB6-8971-33B564F32F02}.Debug|x86.Build.0 = Debug|Any CPU
		{525CFA6E-BE0D-4CB6-8971-33B564F32F02}.Release|Any CPU.ActiveCfg = Release|Any CPU
		{525CFA6E-BE0D-4CB6-8971-33B564F32F02}.Release|Any CPU.Build.0 = Release|Any CPU
		{525CFA6E-BE0D-4CB6-8971-33B564F32F02}.Release|x64.ActiveCfg = Release|Any CPU
		{525CFA6E-BE0D-4CB6-8971-33B564F32F02}.Release|x64.Build.0 = Release|Any CPU
		{525CFA6E-BE0D-4CB6-8971-33B564F32F02}.Release|x86.ActiveCfg = Release|Any CPU
		{525CFA6E-BE0D-4CB6-8971-33B564F32F02}.Release|x86.Build.0 = Release|Any CPU
		{525CFA6E-BE0D-4CB6-8971-33B564F32F02}.Staging|Any CPU.ActiveCfg = Staging|Any CPU
		{525CFA6E-BE0D-4CB6-8971-33B564F32F02}.Staging|Any CPU.Build.0 = Staging|Any CPU
		{525CFA6E-BE0D-4CB6-8971-33B564F32F02}.Staging|x64.ActiveCfg = Staging|Any CPU
		{525CFA6E-BE0D-4CB6-8971-33B564F32F02}.Staging|x64.Build.0 = Staging|Any CPU
		{525CFA6E-BE0D-4CB6-8971-33B564F32F02}.Staging|x86.ActiveCfg = Staging|Any CPU
		{525CFA6E-BE0D-4CB6-8971-33B564F32F02}.Staging|x86.Build.0 = Staging|Any CPU
		{701CA435-A38B-4C61-B373-1E1384A54AF6}.Debug|Any CPU.ActiveCfg = Debug|Any CPU
		{701CA435-A38B-4C61-B373-1E1384A54AF6}.Debug|Any CPU.Build.0 = Debug|Any CPU
		{701CA435-A38B-4C61-B373-1E1384A54AF6}.Debug|x64.ActiveCfg = Debug|Any CPU
		{701CA435-A38B-4C61-B373-1E1384A54AF6}.Debug|x64.Build.0 = Debug|Any CPU
		{701CA435-A38B-4C61-B373-1E1384A54AF6}.Debug|x86.ActiveCfg = Debug|Any CPU
		{701CA435-A38B-4C61-B373-1E1384A54AF6}.Debug|x86.Build.0 = Debug|Any CPU
		{701CA435-A38B-4C61-B373-1E1384A54AF6}.Release|Any CPU.ActiveCfg = Release|Any CPU
		{701CA435-A38B-4C61-B373-1E1384A54AF6}.Release|Any CPU.Build.0 = Release|Any CPU
		{701CA435-A38B-4C61-B373-1E1384A54AF6}.Release|x64.ActiveCfg = Release|Any CPU
		{701CA435-A38B-4C61-B373-1E1384A54AF6}.Release|x64.Build.0 = Release|Any CPU
		{701CA435-A38B-4C61-B373-1E1384A54AF6}.Release|x86.ActiveCfg = Release|Any CPU
		{701CA435-A38B-4C61-B373-1E1384A54AF6}.Release|x86.Build.0 = Release|Any CPU
		{701CA435-A38B-4C61-B373-1E1384A54AF6}.Staging|Any CPU.ActiveCfg = Staging|Any CPU
		{701CA435-A38B-4C61-B373-1E1384A54AF6}.Staging|Any CPU.Build.0 = Staging|Any CPU
		{701CA435-A38B-4C61-B373-1E1384A54AF6}.Staging|x64.ActiveCfg = Staging|Any CPU
		{701CA435-A38B-4C61-B373-1E1384A54AF6}.Staging|x64.Build.0 = Staging|Any CPU
		{701CA435-A38B-4C61-B373-1E1384A54AF6}.Staging|x86.ActiveCfg = Staging|Any CPU
		{701CA435-A38B-4C61-B373-1E1384A54AF6}.Staging|x86.Build.0 = Staging|Any CPU
		{15DC3F3D-91CB-4741-B0D2-EA8826A346F2}.Debug|Any CPU.ActiveCfg = Debug|Any CPU
		{15DC3F3D-91CB-4741-B0D2-EA8826A346F2}.Debug|Any CPU.Build.0 = Debug|Any CPU
		{15DC3F3D-91CB-4741-B0D2-EA8826A346F2}.Debug|x64.ActiveCfg = Debug|Any CPU
		{15DC3F3D-91CB-4741-B0D2-EA8826A346F2}.Debug|x64.Build.0 = Debug|Any CPU
		{15DC3F3D-91CB-4741-B0D2-EA8826A346F2}.Debug|x86.ActiveCfg = Debug|Any CPU
		{15DC3F3D-91CB-4741-B0D2-EA8826A346F2}.Debug|x86.Build.0 = Debug|Any CPU
		{15DC3F3D-91CB-4741-B0D2-EA8826A346F2}.Release|Any CPU.ActiveCfg = Release|Any CPU
		{15DC3F3D-91CB-4741-B0D2-EA8826A346F2}.Release|Any CPU.Build.0 = Release|Any CPU
		{15DC3F3D-91CB-4741-B0D2-EA8826A346F2}.Release|x64.ActiveCfg = Release|Any CPU
		{15DC3F3D-91CB-4741-B0D2-EA8826A346F2}.Release|x64.Build.0 = Release|Any CPU
		{15DC3F3D-91CB-4741-B0D2-EA8826A346F2}.Release|x86.ActiveCfg = Release|Any CPU
		{15DC3F3D-91CB-4741-B0D2-EA8826A346F2}.Release|x86.Build.0 = Release|Any CPU
		{15DC3F3D-91CB-4741-B0D2-EA8826A346F2}.Staging|Any CPU.ActiveCfg = Staging|Any CPU
		{15DC3F3D-91CB-4741-B0D2-EA8826A346F2}.Staging|Any CPU.Build.0 = Staging|Any CPU
		{15DC3F3D-91CB-4741-B0D2-EA8826A346F2}.Staging|x64.ActiveCfg = Staging|Any CPU
		{15DC3F3D-91CB-4741-B0D2-EA8826A346F2}.Staging|x64.Build.0 = Staging|Any CPU
		{15DC3F3D-91CB-4741-B0D2-EA8826A346F2}.Staging|x86.ActiveCfg = Staging|Any CPU
		{15DC3F3D-91CB-4741-B0D2-EA8826A346F2}.Staging|x86.Build.0 = Staging|Any CPU
		{2023C77D-765A-4351-BECB-288C93AB6A7C}.Debug|Any CPU.ActiveCfg = Debug|Any CPU
		{2023C77D-765A-4351-BECB-288C93AB6A7C}.Debug|Any CPU.Build.0 = Debug|Any CPU
		{2023C77D-765A-4351-BECB-288C93AB6A7C}.Debug|x64.ActiveCfg = Debug|Any CPU
		{2023C77D-765A-4351-BECB-288C93AB6A7C}.Debug|x64.Build.0 = Debug|Any CPU
		{2023C77D-765A-4351-BECB-288C93AB6A7C}.Debug|x86.ActiveCfg = Debug|Any CPU
		{2023C77D-765A-4351-BECB-288C93AB6A7C}.Debug|x86.Build.0 = Debug|Any CPU
		{2023C77D-765A-4351-BECB-288C93AB6A7C}.Release|Any CPU.ActiveCfg = Release|Any CPU
		{2023C77D-765A-4351-BECB-288C93AB6A7C}.Release|Any CPU.Build.0 = Release|Any CPU
		{2023C77D-765A-4351-BECB-288C93AB6A7C}.Release|x64.ActiveCfg = Release|Any CPU
		{2023C77D-765A-4351-BECB-288C93AB6A7C}.Release|x64.Build.0 = Release|Any CPU
		{2023C77D-765A-4351-BECB-288C93AB6A7C}.Release|x86.ActiveCfg = Release|Any CPU
		{2023C77D-765A-4351-BECB-288C93AB6A7C}.Release|x86.Build.0 = Release|Any CPU
		{2023C77D-765A-4351-BECB-288C93AB6A7C}.Staging|Any CPU.ActiveCfg = Debug|Any CPU
		{2023C77D-765A-4351-BECB-288C93AB6A7C}.Staging|Any CPU.Build.0 = Debug|Any CPU
		{2023C77D-765A-4351-BECB-288C93AB6A7C}.Staging|x64.ActiveCfg = Debug|Any CPU
		{2023C77D-765A-4351-BECB-288C93AB6A7C}.Staging|x64.Build.0 = Debug|Any CPU
		{2023C77D-765A-4351-BECB-288C93AB6A7C}.Staging|x86.ActiveCfg = Debug|Any CPU
		{2023C77D-765A-4351-BECB-288C93AB6A7C}.Staging|x86.Build.0 = Debug|Any CPU
	EndGlobalSection
	GlobalSection(SolutionProperties) = preSolution
		HideSolutionNode = FALSE
	EndGlobalSection
	GlobalSection(NestedProjects) = preSolution
		{FCDD1FCB-940F-4833-9164-6036793E134C} = {6EC7726A-F8AF-48E5-9442-F9BE415D0408}
		{A779FED1-6AB6-47F5-94CD-9142580C2055} = {6EC7726A-F8AF-48E5-9442-F9BE415D0408}
		{F7AAFF37-4E1C-4909-B8F8-3B2D798A9EC1} = {6EC7726A-F8AF-48E5-9442-F9BE415D0408}
		{CCBE8941-C687-41FA-AA24-5DC4EC073FC1} = {A35B5057-65CD-4B4E-A059-C12B98AA81FB}
		{6CB13D4D-6EED-45C7-BEE0-8F496DFD17BF} = {A2BCA26A-5E03-40BA-9944-3CD4F83E9E5F}
		{525CFA6E-BE0D-4CB6-8971-33B564F32F02} = {A2BCA26A-5E03-40BA-9944-3CD4F83E9E5F}
		{701CA435-A38B-4C61-B373-1E1384A54AF6} = {A35B5057-65CD-4B4E-A059-C12B98AA81FB}
		{15DC3F3D-91CB-4741-B0D2-EA8826A346F2} = {A35B5057-65CD-4B4E-A059-C12B98AA81FB}
		{2023C77D-765A-4351-BECB-288C93AB6A7C} = {FAA2869F-2738-43C0-94DE-BB2BC60199E1}
	EndGlobalSection
	GlobalSection(ExtensibilityGlobals) = postSolution
		SolutionGuid = {C86500A8-7547-4590-950A-E68ABC984266}
	EndGlobalSection
EndGlobal
